
Microsoft Visual Studio Solution File, Format Version 11.00
# Visual Studio 2010
Project("{FAE04EC0-301F-11D3-BF4B-00C04F79EFBC}") = "AmazonAWSExampleSDK", "AmazonAWSExampleSDK\AmazonAWSExampleSDK.csproj", "{D92CA76B-B1B7-4281-98B6-B0018F8E0788}"
EndProject
Global
	GlobalSection(SolutionConfigurationPlatforms) = preSolution
		Debug|Any CPU = Debug|Any CPU
		Release|Any CPU = Release|Any CPU
	EndGlobalSection
	GlobalSection(ProjectConfigurationPlatforms) = postSolution
		{D92CA76B-B1B7-4281-98B6-B0018F8E0788}.Debug|Any CPU.ActiveCfg = Debug|Any CPU
		{D92CA76B-B1B7-4281-98B6-B0018F8E0788}.Debug|Any CPU.Build.0 = Debug|Any CPU
		{D92CA76B-B1B7-4281-98B6-B0018F8E0788}.Release|Any CPU.ActiveCfg = Release|Any CPU
		{D92CA76B-B1B7-4281-98B6-B0018F8E0788}.Release|Any CPU.Build.0 = Release|Any CPU
	EndGlobalSection
	GlobalSection(SolutionProperties) = preSolution
		HideSolutionNode = FALSE
	EndGlobalSection
EndGlobal
